
Microsoft Visual Studio Solution File, Format Version 12.00
# Visual Studio Version 17
VisualStudioVersion = 17.11.35303.130
MinimumVisualStudioVersion = 10.0.40219.1
Project("{2150E333-8FDC-42A3-9474-1A3956D46DE8}") = "Task0", "Task0", "{C0F5FC5B-FF80-4469-86F5-13DD75EAD49D}"
EndProject
Project("{9A19103F-16F7-4668-BE54-9A1E7A4F7556}") = "Tyuiu.AkhtarievaNR.Sprint2.Task0.V16", "Tyuiu.AkhtarievaNR.Sprint2.Task0.V16\Tyuiu.AkhtarievaNR.Sprint2.Task0.V16.csproj", "{B954BBA4-366A-48E0-A5A1-BE9A5977E871}"
EndProject
Project("{9A19103F-16F7-4668-BE54-9A1E7A4F7556}") = "Tyuiu.AkhtarievaNR.Sprint2.Task0.V16.Lib", "Tyuiu.AkhtarievaNR.Sprint2.Task0.V16.Lib\Tyuiu.AkhtarievaNR.Sprint2.Task0.V16.Lib.csproj", "{6CA98967-5C40-419E-9BE3-11BD3936D307}"
EndProject
Project("{9A19103F-16F7-4668-BE54-9A1E7A4F7556}") = "Tyuiu.AkhtarievaNR.Sprint2.Task0.V16.Test", "Tyuiu.AkhtarievaNR.Sprint2.Task0.V16.Test\Tyuiu.AkhtarievaNR.Sprint2.Task0.V16.Test.csproj", "{D80CD146-6F31-4020-A12A-23A1E8495AE0}"
EndProject
Project("{2150E333-8FDC-42A3-9474-1A3956D46DE8}") = "Task1", "Task1", "{1E2020F6-5FC3-4BDC-8ED1-8B6A0869F8E0}"
EndProject
Project("{9A19103F-16F7-4668-BE54-9A1E7A4F7556}") = "Tyuiu.AkhtarievaNR.Sprint2.Task1.V7", "Tyuiu.AkhtarievaNR.Sprint2.Task1.V7\Tyuiu.AkhtarievaNR.Sprint2.Task1.V7.csproj", "{4828323B-FCFC-46F3-A6A4-1FAC27D65003}"
EndProject
Project("{9A19103F-16F7-4668-BE54-9A1E7A4F7556}") = "Tyuiu.AkhtarievaNR.Sprint2.Task1.V7.Lib", "Tyuiu.AkhtarievaNR.Sprint2.Task1.V7.Lib\Tyuiu.AkhtarievaNR.Sprint2.Task1.V7.Lib.csproj", "{49860DA0-B257-4AB2-9DE4-D699D30DAC10}"
EndProject
Project("{9A19103F-16F7-4668-BE54-9A1E7A4F7556}") = "Tyuiu.AkhtarievaNR.Sprint2.Task1.V7.Test", "Tyuiu.AkhtarievaNR.Sprint2.Task1.V7.Test\Tyuiu.AkhtarievaNR.Sprint2.Task1.V7.Test.csproj", "{C4A493EE-FDEC-4507-94F8-F183D2C14CE4}"
EndProject
Project("{9A19103F-16F7-4668-BE54-9A1E7A4F7556}") = "Test", "Test\Test.csproj", "{81D4E9CE-B810-4439-9050-11099D5EA787}"
EndProject
Project("{2150E333-8FDC-42A3-9474-1A3956D46DE8}") = "Task2", "Task2", "{3802C53A-9C81-4755-9125-63DDBF91CB7B}"
EndProject
Project("{9A19103F-16F7-4668-BE54-9A1E7A4F7556}") = "Tyuiu.AkhtarievaNR.Sprint2.Task2.V6", "Tyuiu.AkhtarievaNR.Sprint2.Task2.V6\Tyuiu.AkhtarievaNR.Sprint2.Task2.V6.csproj", "{6709C5FE-8A0E-4988-8764-B8A8BB914CCD}"
EndProject
Project("{9A19103F-16F7-4668-BE54-9A1E7A4F7556}") = "Tyuiu.AkhtarievaNR.Sprint2.Task2.V6.Lib", "Tyuiu.AkhtarievaNR.Sprint2.Task2.V6.Lib\Tyuiu.AkhtarievaNR.Sprint2.Task2.V6.Lib.csproj", "{AEB5481B-96DD-41F2-84E7-79960AC5AD3D}"
EndProject
Project("{9A19103F-16F7-4668-BE54-9A1E7A4F7556}") = "Tyuiu.AkhtarievaNR.Sprint2.Task2.V6.Test", "Tyuiu.AkhtarievaNR.Sprint2.Task2.V6.Test\Tyuiu.AkhtarievaNR.Sprint2.Task2.V6.Test.csproj", "{99809760-91BC-4F18-9BD2-9CFBB8705B38}"
EndProject
Project("{2150E333-8FDC-42A3-9474-1A3956D46DE8}") = "Task3", "Task3", "{8E535C1C-4DB8-413B-B0D8-6FF0BE1D0D88}"
EndProject
Project("{9A19103F-16F7-4668-BE54-9A1E7A4F7556}") = "Tyuiu.AkhtarievaNR.Sprint2.Task3.V9", "Tyuiu.AkhtarievaNR.Sprint2.Task3.V9\Tyuiu.AkhtarievaNR.Sprint2.Task3.V9.csproj", "{0EB70D1B-FAFB-41A4-81B2-626B9B81A618}"
EndProject
Project("{9A19103F-16F7-4668-BE54-9A1E7A4F7556}") = "Tyuiu.AkhtarievaNR.Sprint2.Task3.V9.Lib", "Tyuiu.AkhtarievaNR.Sprint2.Task3.V9.Lib\Tyuiu.AkhtarievaNR.Sprint2.Task3.V9.Lib.csproj", "{616464EB-3881-434B-8901-DD63DE95D7F9}"
EndProject
Project("{9A19103F-16F7-4668-BE54-9A1E7A4F7556}") = "Tyuiu.AkhtarievaNR.Sprint2.Task3.V9.Test", "Tyuiu.AkhtarievaNR.Sprint2.Task3.V9.Test\Tyuiu.AkhtarievaNR.Sprint2.Task3.V9.Test.csproj", "{70AE65EC-21EC-4A32-8A93-83965AD78D78}"
EndProject
Project("{2150E333-8FDC-42A3-9474-1A3956D46DE8}") = "Task4", "Task4", "{503DA38D-4DA6-438F-9EA7-F09689674959}"
EndProject
Project("{9A19103F-16F7-4668-BE54-9A1E7A4F7556}") = "Tyuiu.AkhtarievaNR.Sprint2.Task4.V8.Test", "Tyuiu.AkhtarievaNR.Sprint2.Task4.V8.Test\Tyuiu.AkhtarievaNR.Sprint2.Task4.V8.Test.csproj", "{16AD71DD-B470-4730-A0A6-93E1DA14C579}"
EndProject
Project("{9A19103F-16F7-4668-BE54-9A1E7A4F7556}") = "Tyuiu.AkhtarievaNR.Sprint2.Task4.V8", "Tyuiu.AkhtarievaNR.Sprint2.Task4.V8\Tyuiu.AkhtarievaNR.Sprint2.Task4.V8.csproj", "{12F20B8E-DF3E-4A65-96C3-BC187C40474D}"
EndProject
Project("{9A19103F-16F7-4668-BE54-9A1E7A4F7556}") = "Tyuiu.AkhtarievaNR.Sprint2.Task4.V8.Lib", "Tyuiu.AkhtarievaNR.Sprint2.Task4.V8.Lib\Tyuiu.AkhtarievaNR.Sprint2.Task4.V8.Lib.csproj", "{F6F104D4-01E0-42BD-AF4F-8F23818BD610}"
EndProject
Project("{2150E333-8FDC-42A3-9474-1A3956D46DE8}") = "Task5", "Task5", "{1F4D8BCD-25A7-4464-9FCD-E2E493651A37}"
EndProject
Project("{9A19103F-16F7-4668-BE54-9A1E7A4F7556}") = "Tyuiu.AkhtarievaNR.Sprint2.Task5.V5", "Tyuiu.AkhtarievaNR.Sprint2.Task5.V5\Tyuiu.AkhtarievaNR.Sprint2.Task5.V5.csproj", "{A8C581AA-B8DE-4CEC-AD2B-8936C1D92A70}"
EndProject
Project("{9A19103F-16F7-4668-BE54-9A1E7A4F7556}") = "Tyuiu.AkhtarievaNR.Sprint2.Task5.V5.Lib", "Tyuiu.AkhtarievaNR.Sprint2.Task5.V5.Lib\Tyuiu.AkhtarievaNR.Sprint2.Task5.V5.Lib.csproj", "{2F7FE133-B3C4-4BF0-A6E8-FBCEA3768F3D}"
EndProject
Project("{9A19103F-16F7-4668-BE54-9A1E7A4F7556}") = "Tyuiu.AkhtarievaNR.Sprint2.Task5.V5.Test", "Tyuiu.AkhtarievaNR.Sprint2.Task5.V5.Test\Tyuiu.AkhtarievaNR.Sprint2.Task5.V5.Test.csproj", "{B1B97CFC-F89D-4D1E-AF37-6FE011019C70}"
EndProject
Project("{2150E333-8FDC-42A3-9474-1A3956D46DE8}") = "Task6", "Task6", "{E64D3EF0-428F-45E8-BA4A-7CB137AFF24E}"
EndProject
Project("{FAE04EC0-301F-11D3-BF4B-00C04F79EFBC}") = "Tyuiu.AkhtarievaNR.Sprint2.Task6.V2", "Tyuiu.AkhtarievaNR.Sprint2.Task6.V2\Tyuiu.AkhtarievaNR.Sprint2.Task6.V2.csproj", "{6A37CECE-F153-4E25-A0EC-33DB41CC6541}"
EndProject
Project("{FAE04EC0-301F-11D3-BF4B-00C04F79EFBC}") = "Tyuiu.AkhtarievaNR.Sprint2.Task6.V2.Lib", "Tyuiu.AkhtarievaNR.Sprint2.Task6.V2.Lib\Tyuiu.AkhtarievaNR.Sprint2.Task6.V2.Lib.csproj", "{B64F43AB-C1B9-400B-91D4-BCAE8832E7DF}"
EndProject
Project("{FAE04EC0-301F-11D3-BF4B-00C04F79EFBC}") = "Tyuiu.AkhtarievaNR.Sprint2.Task6.V2.Test", "Tyuiu.AkhtarievaNR.Sprint2.Task6.V2.Test\Tyuiu.AkhtarievaNR.Sprint2.Task6.V2.Test.csproj", "{96CB4317-DC6C-4FCB-8B5A-1D202FB2346D}"
EndProject
Global
	GlobalSection(SolutionConfigurationPlatforms) = preSolution
		Debug|Any CPU = Debug|Any CPU
		Release|Any CPU = Release|Any CPU
	EndGlobalSection
	GlobalSection(ProjectConfigurationPlatforms) = postSolution
		{B954BBA4-366A-48E0-A5A1-BE9A5977E871}.Debug|Any CPU.ActiveCfg = Debug|Any CPU
		{B954BBA4-366A-48E0-A5A1-BE9A5977E871}.Debug|Any CPU.Build.0 = Debug|Any CPU
		{B954BBA4-366A-48E0-A5A1-BE9A5977E871}.Release|Any CPU.ActiveCfg = Release|Any CPU
		{B954BBA4-366A-48E0-A5A1-BE9A5977E871}.Release|Any CPU.Build.0 = Release|Any CPU
		{6CA98967-5C40-419E-9BE3-11BD3936D307}.Debug|Any CPU.ActiveCfg = Debug|Any CPU
		{6CA98967-5C40-419E-9BE3-11BD3936D307}.Debug|Any CPU.Build.0 = Debug|Any CPU
		{6CA98967-5C40-419E-9BE3-11BD3936D307}.Release|Any CPU.ActiveCfg = Release|Any CPU
		{6CA98967-5C40-419E-9BE3-11BD3936D307}.Release|Any CPU.Build.0 = Release|Any CPU
		{D80CD146-6F31-4020-A12A-23A1E8495AE0}.Debug|Any CPU.ActiveCfg = Debug|Any CPU
		{D80CD146-6F31-4020-A12A-23A1E8495AE0}.Debug|Any CPU.Build.0 = Debug|Any CPU
		{D80CD146-6F31-4020-A12A-23A1E8495AE0}.Release|Any CPU.ActiveCfg = Release|Any CPU
		{D80CD146-6F31-4020-A12A-23A1E8495AE0}.Release|Any CPU.Build.0 = Release|Any CPU
		{4828323B-FCFC-46F3-A6A4-1FAC27D65003}.Debug|Any CPU.ActiveCfg = Debug|Any CPU
		{4828323B-FCFC-46F3-A6A4-1FAC27D65003}.Debug|Any CPU.Build.0 = Debug|Any CPU
		{4828323B-FCFC-46F3-A6A4-1FAC27D65003}.Release|Any CPU.ActiveCfg = Release|Any CPU
		{4828323B-FCFC-46F3-A6A4-1FAC27D65003}.Release|Any CPU.Build.0 = Release|Any CPU
		{49860DA0-B257-4AB2-9DE4-D699D30DAC10}.Debug|Any CPU.ActiveCfg = Debug|Any CPU
		{49860DA0-B257-4AB2-9DE4-D699D30DAC10}.Debug|Any CPU.Build.0 = Debug|Any CPU
		{49860DA0-B257-4AB2-9DE4-D699D30DAC10}.Release|Any CPU.ActiveCfg = Release|Any CPU
		{49860DA0-B257-4AB2-9DE4-D699D30DAC10}.Release|Any CPU.Build.0 = Release|Any CPU
		{C4A493EE-FDEC-4507-94F8-F183D2C14CE4}.Debug|Any CPU.ActiveCfg = Debug|Any CPU
		{C4A493EE-FDEC-4507-94F8-F183D2C14CE4}.Debug|Any CPU.Build.0 = Debug|Any CPU
		{C4A493EE-FDEC-4507-94F8-F183D2C14CE4}.Release|Any CPU.ActiveCfg = Release|Any CPU
		{C4A493EE-FDEC-4507-94F8-F183D2C14CE4}.Release|Any CPU.Build.0 = Release|Any CPU
		{81D4E9CE-B810-4439-9050-11099D5EA787}.Debug|Any CPU.ActiveCfg = Debug|Any CPU
		{81D4E9CE-B810-4439-9050-11099D5EA787}.Debug|Any CPU.Build.0 = Debug|Any CPU
		{81D4E9CE-B810-4439-9050-11099D5EA787}.Release|Any CPU.ActiveCfg = Release|Any CPU
		{81D4E9CE-B810-4439-9050-11099D5EA787}.Release|Any CPU.Build.0 = Release|Any CPU
		{6709C5FE-8A0E-4988-8764-B8A8BB914CCD}.Debug|Any CPU.ActiveCfg = Debug|Any CPU
		{6709C5FE-8A0E-4988-8764-B8A8BB914CCD}.Debug|Any CPU.Build.0 = Debug|Any CPU
		{6709C5FE-8A0E-4988-8764-B8A8BB914CCD}.Release|Any CPU.ActiveCfg = Release|Any CPU
		{6709C5FE-8A0E-4988-8764-B8A8BB914CCD}.Release|Any CPU.Build.0 = Release|Any CPU
		{AEB5481B-96DD-41F2-84E7-79960AC5AD3D}.Debug|Any CPU.ActiveCfg = Debug|Any CPU
		{AEB5481B-96DD-41F2-84E7-79960AC5AD3D}.Debug|Any CPU.Build.0 = Debug|Any CPU
		{AEB5481B-96DD-41F2-84E7-79960AC5AD3D}.Release|Any CPU.ActiveCfg = Release|Any CPU
		{AEB5481B-96DD-41F2-84E7-79960AC5AD3D}.Release|Any CPU.Build.0 = Release|Any CPU
		{99809760-91BC-4F18-9BD2-9CFBB8705B38}.Debug|Any CPU.ActiveCfg = Debug|Any CPU
		{99809760-91BC-4F18-9BD2-9CFBB8705B38}.Debug|Any CPU.Build.0 = Debug|Any CPU
		{99809760-91BC-4F18-9BD2-9CFBB8705B38}.Release|Any CPU.ActiveCfg = Release|Any CPU
		{99809760-91BC-4F18-9BD2-9CFBB8705B38}.Release|Any CPU.Build.0 = Release|Any CPU
		{0EB70D1B-FAFB-41A4-81B2-626B9B81A618}.Debug|Any CPU.ActiveCfg = Debug|Any CPU
		{0EB70D1B-FAFB-41A4-81B2-626B9B81A618}.Debug|Any CPU.Build.0 = Debug|Any CPU
		{0EB70D1B-FAFB-41A4-81B2-626B9B81A618}.Release|Any CPU.ActiveCfg = Release|Any CPU
		{0EB70D1B-FAFB-41A4-81B2-626B9B81A618}.Release|Any CPU.Build.0 = Release|Any CPU
		{616464EB-3881-434B-8901-DD63DE95D7F9}.Debug|Any CPU.ActiveCfg = Debug|Any CPU
		{616464EB-3881-434B-8901-DD63DE95D7F9}.Debug|Any CPU.Build.0 = Debug|Any CPU
		{616464EB-3881-434B-8901-DD63DE95D7F9}.Release|Any CPU.ActiveCfg = Release|Any CPU
		{616464EB-3881-434B-8901-DD63DE95D7F9}.Release|Any CPU.Build.0 = Release|Any CPU
		{70AE65EC-21EC-4A32-8A93-83965AD78D78}.Debug|Any CPU.ActiveCfg = Debug|Any CPU
		{70AE65EC-21EC-4A32-8A93-83965AD78D78}.Debug|Any CPU.Build.0 = Debug|Any CPU
		{70AE65EC-21EC-4A32-8A93-83965AD78D78}.Release|Any CPU.ActiveCfg = Release|Any CPU
		{70AE65EC-21EC-4A32-8A93-83965AD78D78}.Release|Any CPU.Build.0 = Release|Any CPU
		{16AD71DD-B470-4730-A0A6-93E1DA14C579}.Debug|Any CPU.ActiveCfg = Debug|Any CPU
		{16AD71DD-B470-4730-A0A6-93E1DA14C579}.Debug|Any CPU.Build.0 = Debug|Any CPU
		{16AD71DD-B470-4730-A0A6-93E1DA14C579}.Release|Any CPU.ActiveCfg = Release|Any CPU
		{16AD71DD-B470-4730-A0A6-93E1DA14C579}.Release|Any CPU.Build.0 = Release|Any CPU
		{12F20B8E-DF3E-4A65-96C3-BC187C40474D}.Debug|Any CPU.ActiveCfg = Debug|Any CPU
		{12F20B8E-DF3E-4A65-96C3-BC187C40474D}.Debug|Any CPU.Build.0 = Debug|Any CPU
		{12F20B8E-DF3E-4A65-96C3-BC187C40474D}.Release|Any CPU.ActiveCfg = Release|Any CPU
		{12F20B8E-DF3E-4A65-96C3-BC187C40474D}.Release|Any CPU.Build.0 = Release|Any CPU
		{F6F104D4-01E0-42BD-AF4F-8F23818BD610}.Debug|Any CPU.ActiveCfg = Debug|Any CPU
		{F6F104D4-01E0-42BD-AF4F-8F23818BD610}.Debug|Any CPU.Build.0 = Debug|Any CPU
		{F6F104D4-01E0-42BD-AF4F-8F23818BD610}.Release|Any CPU.ActiveCfg = Release|Any CPU
		{F6F104D4-01E0-42BD-AF4F-8F23818BD610}.Release|Any CPU.Build.0 = Release|Any CPU
		{A8C581AA-B8DE-4CEC-AD2B-8936C1D92A70}.Debug|Any CPU.ActiveCfg = Debug|Any CPU
		{A8C581AA-B8DE-4CEC-AD2B-8936C1D92A70}.Debug|Any CPU.Build.0 = Debug|Any CPU
		{A8C581AA-B8DE-4CEC-AD2B-8936C1D92A70}.Release|Any CPU.ActiveCfg = Release|Any CPU
		{A8C581AA-B8DE-4CEC-AD2B-8936C1D92A70}.Release|Any CPU.Build.0 = Release|Any CPU
		{2F7FE133-B3C4-4BF0-A6E8-FBCEA3768F3D}.Debug|Any CPU.ActiveCfg = Debug|Any CPU
		{2F7FE133-B3C4-4BF0-A6E8-FBCEA3768F3D}.Debug|Any CPU.Build.0 = Debug|Any CPU
		{2F7FE133-B3C4-4BF0-A6E8-FBCEA3768F3D}.Release|Any CPU.ActiveCfg = Release|Any CPU
		{2F7FE133-B3C4-4BF0-A6E8-FBCEA3768F3D}.Release|Any CPU.Build.0 = Release|Any CPU
		{B1B97CFC-F89D-4D1E-AF37-6FE011019C70}.Debug|Any CPU.ActiveCfg = Debug|Any CPU
		{B1B97CFC-F89D-4D1E-AF37-6FE011019C70}.Debug|Any CPU.Build.0 = Debug|Any CPU
		{B1B97CFC-F89D-4D1E-AF37-6FE011019C70}.Release|Any CPU.ActiveCfg = Release|Any CPU
		{B1B97CFC-F89D-4D1E-AF37-6FE011019C70}.Release|Any CPU.Build.0 = Release|Any CPU
		{6A37CECE-F153-4E25-A0EC-33DB41CC6541}.Debug|Any CPU.ActiveCfg = Debug|Any CPU
		{6A37CECE-F153-4E25-A0EC-33DB41CC6541}.Debug|Any CPU.Build.0 = Debug|Any CPU
		{6A37CECE-F153-4E25-A0EC-33DB41CC6541}.Release|Any CPU.ActiveCfg = Release|Any CPU
		{6A37CECE-F153-4E25-A0EC-33DB41CC6541}.Release|Any CPU.Build.0 = Release|Any CPU
		{B64F43AB-C1B9-400B-91D4-BCAE8832E7DF}.Debug|Any CPU.ActiveCfg = Debug|Any CPU
		{B64F43AB-C1B9-400B-91D4-BCAE8832E7DF}.Debug|Any CPU.Build.0 = Debug|Any CPU
		{B64F43AB-C1B9-400B-91D4-BCAE8832E7DF}.Release|Any CPU.ActiveCfg = Release|Any CPU
		{B64F43AB-C1B9-400B-91D4-BCAE8832E7DF}.Release|Any CPU.Build.0 = Release|Any CPU
		{96CB4317-DC6C-4FCB-8B5A-1D202FB2346D}.Debug|Any CPU.ActiveCfg = Debug|Any CPU
		{96CB4317-DC6C-4FCB-8B5A-1D202FB2346D}.Debug|Any CPU.Build.0 = Debug|Any CPU
		{96CB4317-DC6C-4FCB-8B5A-1D202FB2346D}.Release|Any CPU.ActiveCfg = Release|Any CPU
		{96CB4317-DC6C-4FCB-8B5A-1D202FB2346D}.Release|Any CPU.Build.0 = Release|Any CPU
	EndGlobalSection
	GlobalSection(SolutionProperties) = preSolution
		HideSolutionNode = FALSE
	EndGlobalSection
	GlobalSection(NestedProjects) = preSolution
		{B954BBA4-366A-48E0-A5A1-BE9A5977E871} = {C0F5FC5B-FF80-4469-86F5-13DD75EAD49D}
		{6CA98967-5C40-419E-9BE3-11BD3936D307} = {C0F5FC5B-FF80-4469-86F5-13DD75EAD49D}
		{D80CD146-6F31-4020-A12A-23A1E8495AE0} = {C0F5FC5B-FF80-4469-86F5-13DD75EAD49D}
		{4828323B-FCFC-46F3-A6A4-1FAC27D65003} = {1E2020F6-5FC3-4BDC-8ED1-8B6A0869F8E0}
		{49860DA0-B257-4AB2-9DE4-D699D30DAC10} = {1E2020F6-5FC3-4BDC-8ED1-8B6A0869F8E0}
		{C4A493EE-FDEC-4507-94F8-F183D2C14CE4} = {1E2020F6-5FC3-4BDC-8ED1-8B6A0869F8E0}
		{6709C5FE-8A0E-4988-8764-B8A8BB914CCD} = {3802C53A-9C81-4755-9125-63DDBF91CB7B}
		{AEB5481B-96DD-41F2-84E7-79960AC5AD3D} = {3802C53A-9C81-4755-9125-63DDBF91CB7B}
		{99809760-91BC-4F18-9BD2-9CFBB8705B38} = {3802C53A-9C81-4755-9125-63DDBF91CB7B}
		{0EB70D1B-FAFB-41A4-81B2-626B9B81A618} = {8E535C1C-4DB8-413B-B0D8-6FF0BE1D0D88}
		{616464EB-3881-434B-8901-DD63DE95D7F9} = {8E535C1C-4DB8-413B-B0D8-6FF0BE1D0D88}
		{70AE65EC-21EC-4A32-8A93-83965AD78D78} = {8E535C1C-4DB8-413B-B0D8-6FF0BE1D0D88}
		{16AD71DD-B470-4730-A0A6-93E1DA14C579} = {503DA38D-4DA6-438F-9EA7-F09689674959}
		{12F20B8E-DF3E-4A65-96C3-BC187C40474D} = {503DA38D-4DA6-438F-9EA7-F09689674959}
		{F6F104D4-01E0-42BD-AF4F-8F23818BD610} = {503DA38D-4DA6-438F-9EA7-F09689674959}
		{A8C581AA-B8DE-4CEC-AD2B-8936C1D92A70} = {1F4D8BCD-25A7-4464-9FCD-E2E493651A37}
		{2F7FE133-B3C4-4BF0-A6E8-FBCEA3768F3D} = {1F4D8BCD-25A7-4464-9FCD-E2E493651A37}
		{B1B97CFC-F89D-4D1E-AF37-6FE011019C70} = {1F4D8BCD-25A7-4464-9FCD-E2E493651A37}
		{6A37CECE-F153-4E25-A0EC-33DB41CC6541} = {E64D3EF0-428F-45E8-BA4A-7CB137AFF24E}
		{B64F43AB-C1B9-400B-91D4-BCAE8832E7DF} = {E64D3EF0-428F-45E8-BA4A-7CB137AFF24E}
		{96CB4317-DC6C-4FCB-8B5A-1D202FB2346D} = {E64D3EF0-428F-45E8-BA4A-7CB137AFF24E}
	EndGlobalSection
	GlobalSection(ExtensibilityGlobals) = postSolution
		SolutionGuid = {C4C4FFAD-762C-4D84-A795-5DF181EE693F}
	EndGlobalSection
EndGlobal
